<?xml version="1.0" encoding="utf-8"?>
<Project ToolsVersion="4.0" xmlns="http://schemas.microsoft.com/developer/msbuild/2003">
  <ItemGroup>
    <Filter Include="소스 파일">
      <UniqueIdentifier>{4FC737F1-C7A5-4376-A066-2A32D752A2FF}</UniqueIdentifier>
      <Extensions>cpp;c;cc;cxx;c++;cppm;ixx;def;odl;idl;hpj;bat;asm;asmx</Extensions>
    </Filter>
    <Filter Include="헤더 파일">
      <UniqueIdentifier>{93995380-89BD-4b04-88EB-625FBE52EBFB}</UniqueIdentifier>
      <Extensions>h;hh;hpp;hxx;h++;hm;inl;inc;ipp;xsd</Extensions>
    </Filter>
    <Filter Include="리소스 파일">
      <UniqueIdentifier>{67DA6AB6-F800-4c08-8B7A-83BB121AAD01}</UniqueIdentifier>
      <Extensions>rc;ico;cur;bmp;dlg;rc2;rct;bin;rgs;gif;jpg;jpeg;jpe;resx;tiff;tif;png;wav;mfcribbon-ms</Extensions>
    </Filter>
  </ItemGroup>
  <ItemGroup>
    <ClCompile Include="두개뽑아서더하기.cpp">
      <Filter>소스 파일</Filter>
    </ClCompile>
    <ClCompile Include="2016년0206.cpp">
      <Filter>소스 파일</Filter>
    </ClCompile>
    <ClCompile Include="3진법뒤집기0207.cpp">
      <Filter>소스 파일</Filter>
    </ClCompile>
    <ClCompile Include="가운데글자가져오기0208.cpp">
      <Filter>소스 파일</Filter>
    </ClCompile>
    <ClCompile Include="수박수박수박수박수박수박수0209.cpp">
      <Filter>소스 파일</Filter>
    </ClCompile>
    <ClCompile Include="두정수사이의합0209.cpp">
      <Filter>소스 파일</Filter>
    </ClCompile>
    <ClCompile Include="문자열내림차순으로배치하기0209.cpp">
      <Filter>소스 파일</Filter>
    </ClCompile>
    <ClCompile Include="문자열다루기기본0209.cpp">
      <Filter>소스 파일</Filter>
    </ClCompile>
    <ClCompile Include="문자열을정수로바꾸기0210.cpp">
      <Filter>소스 파일</Filter>
    </ClCompile>
    <ClCompile Include="내적0216.cpp">
      <Filter>소스 파일</Filter>
    </ClCompile>
    <ClCompile Include="이상한 문자 만들기0216.cpp">
      <Filter>소스 파일</Filter>
    </ClCompile>
    <ClCompile Include="짝수와홀수0217.cpp">
      <Filter>소스 파일</Filter>
    </ClCompile>
    <ClCompile Include="하샤드수0218.cpp">
      <Filter>소스 파일</Filter>
    </ClCompile>
    <ClCompile Include="핸드폰번호가리기0219.cpp">
      <Filter>소스 파일</Filter>
    </ClCompile>
    <ClCompile Include="콜라츠추측0220.cpp">
      <Filter>소스 파일</Filter>
    </ClCompile>
    <ClCompile Include="평균구하기0222.cpp">
      <Filter>소스 파일</Filter>
    </ClCompile>
    <ClCompile Include="자연수뒤집어배열로만들기0222.cpp">
      <Filter>소스 파일</Filter>
    </ClCompile>
    <ClCompile Include="자릿수더하기0222.cpp">
      <Filter>소스 파일</Filter>
    </ClCompile>
    <ClCompile Include="정수제곱근판별0222.cpp">
      <Filter>소스 파일</Filter>
    </ClCompile>
    <ClCompile Include="직사각형별찍기0222.cpp">
      <Filter>소스 파일</Filter>
    </ClCompile>
    <ClCompile Include="약수의합0222.cpp">
      <Filter>소스 파일</Filter>
    </ClCompile>
    <ClCompile Include="스킬트리0225.cpp">
      <Filter>소스 파일</Filter>
    </ClCompile>
    <ClCompile Include="큰수만들기0304.cpp">
      <Filter>소스 파일</Filter>
    </ClCompile>
    <ClCompile Include="완주하지못한선수0303.cpp">
      <Filter>소스 파일</Filter>
    </ClCompile>
    <ClCompile Include="삼각달팽이0303.cpp">
      <Filter>소스 파일</Filter>
    </ClCompile>
    <ClCompile Include="가장큰수0305.cpp">
      <Filter>소스 파일</Filter>
    </ClCompile>
    <ClCompile Include="이진변환반복하기0309.cpp">
      <Filter>소스 파일</Filter>
    </ClCompile>
    <ClCompile Include="피보나치수0310.cpp">
      <Filter>소스 파일</Filter>
    </ClCompile>
    <ClCompile Include="기능개발.cpp">
      <Filter>소스 파일</Filter>
    </ClCompile>
    <ClCompile Include="124나라의숫자0315.cpp">
      <Filter>소스 파일</Filter>
    </ClCompile>
    <ClCompile Include="카펫0315.cpp">
      <Filter>소스 파일</Filter>
    </ClCompile>
    <ClCompile Include="구명보트.cpp">
      <Filter>소스 파일</Filter>
    </ClCompile>
    <ClCompile Include="더맵게0316.cpp">
      <Filter>소스 파일</Filter>
    </ClCompile>
    <ClCompile Include="H-Index0316.cpp">
      <Filter>소스 파일</Filter>
    </ClCompile>
    <ClCompile Include="프린터0315.cpp">
      <Filter>소스 파일</Filter>
    </ClCompile>
    <ClCompile Include="숫자의표현0316.cpp">
      <Filter>소스 파일</Filter>
    </ClCompile>
    <ClCompile Include="올바른괄호0316.cpp">
      <Filter>소스 파일</Filter>
    </ClCompile>
    <ClCompile Include="0322위장.cpp">
      <Filter>소스 파일</Filter>
    </ClCompile>
    <ClCompile Include="0322전화번호목록.cpp">
      <Filter>소스 파일</Filter>
    </ClCompile>
    <ClCompile Include="0323다음큰숫자.cpp">
      <Filter>소스 파일</Filter>
    </ClCompile>
    <ClCompile Include="0324최댓값과최솟값.cpp">
      <Filter>소스 파일</Filter>
    </ClCompile>
    <ClCompile Include="0325JadenCase문자열만들기.cpp">
      <Filter>소스 파일</Filter>
    </ClCompile>
    <ClCompile Include="0326최솟값만들기.cpp">
      <Filter>소스 파일</Filter>
    </ClCompile>
    <ClCompile Include="0329소수찾기555.cpp">
      <Filter>소스 파일</Filter>
    </ClCompile>
    <ClCompile Include="0330다리를지나는트럭.cpp">
      <Filter>소스 파일</Filter>
    </ClCompile>
    <ClCompile Include="0331K번째수.cpp">
      <Filter>소스 파일</Filter>
    </ClCompile>
    <ClCompile Include="0401체육복.cpp">
      <Filter>소스 파일</Filter>
    </ClCompile>
    <ClCompile Include="0402모의고사.cpp">
      <Filter>소스 파일</Filter>
    </ClCompile>
    <ClCompile Include="0405조이스틱555.cpp">
      <Filter>소스 파일</Filter>
    </ClCompile>
    <ClCompile Include="0406타겟넘버.cpp">
      <Filter>소스 파일</Filter>
    </ClCompile>
    <ClCompile Include="0407베스트앨범333.cpp">
      <Filter>소스 파일</Filter>
    </ClCompile>
    <ClCompile Include="0408이중우선순위큐.cpp">
      <Filter>소스 파일</Filter>
    </ClCompile>
    <ClCompile Include="0409디스크컨트롤러777.cpp">
      <Filter>소스 파일</Filter>
    </ClCompile>
    <ClCompile Include="0412단어변환555.cpp">
      <Filter>소스 파일</Filter>
    </ClCompile>
    <ClCompile Include="0413여행경로555.cpp">
      <Filter>소스 파일</Filter>
    </ClCompile>
    <ClCompile Include="0414땅따먹기.cpp">
      <Filter>소스 파일</Filter>
    </ClCompile>
    <ClCompile Include="0415행렬의곱셈.cpp">
      <Filter>소스 파일</Filter>
    </ClCompile>
  </ItemGroup>
</Project>